// !$*UTF8*$!
{
	archiveVersion = 1;
	classes = {
	};
	objectVersion = 46;
	objects = {

/* Begin PBXBuildFile section */
		FD3791BC1CC3CE29009B066C /* main.m in Sources */ = {isa = PBXBuildFile; fileRef = FD3791BB1CC3CE29009B066C /* main.m */; };
		FD3791BF1CC3CE29009B066C /* AppDelegate.m in Sources */ = {isa = PBXBuildFile; fileRef = FD3791BE1CC3CE29009B066C /* AppDelegate.m */; };
		FD3791C51CC3CE29009B066C /* Main.storyboard in Resources */ = {isa = PBXBuildFile; fileRef = FD3791C31CC3CE29009B066C /* Main.storyboard */; };
		FD3791CA1CC3CE29009B066C /* LaunchScreen.storyboard in Resources */ = {isa = PBXBuildFile; fileRef = FD3791C81CC3CE29009B066C /* LaunchScreen.storyboard */; };
		FD3791D31CC3D7E4009B066C /* TDActivityIndicatorsViewController.m in Sources */ = {isa = PBXBuildFile; fileRef = FD3791D21CC3D7E4009B066C /* TDActivityIndicatorsViewController.m */; };
		FD3791DE1CC3E3C4009B066C /* UIColor+TDApplicationSpecific.m in Sources */ = {isa = PBXBuildFile; fileRef = FD3791DD1CC3E3C4009B066C /* UIColor+TDApplicationSpecific.m */; };
		FD3791E51CC4B139009B066C /* TDAlertControllersViewController.m in Sources */ = {isa = PBXBuildFile; fileRef = FD3791E41CC4B139009B066C /* TDAlertControllersViewController.m */; };
		FD4E421C1CD109F700BF27CD /* TDSteppersViewController.m in Sources */ = {isa = PBXBuildFile; fileRef = FD4E421B1CD109F700BF27CD /* TDSteppersViewController.m */; };
		FD4E421F1CD1212D00BF27CD /* TDSwitchesViewController.m in Sources */ = {isa = PBXBuildFile; fileRef = FD4E421E1CD1212D00BF27CD /* TDSwitchesViewController.m */; };
		FD86B6D71CCCA1B5005CE891 /* TDButtonsViewController.m in Sources */ = {isa = PBXBuildFile; fileRef = FD86B6D51CCCA1B5005CE891 /* TDButtonsViewController.m */; };
		FD86B6DA1CCCAAEA005CE891 /* Assets.xcassets in Resources */ = {isa = PBXBuildFile; fileRef = FD86B6D91CCCAAEA005CE891 /* Assets.xcassets */; };
		FD86B6E01CCCBB73005CE891 /* TDDatePickerViewController.m in Sources */ = {isa = PBXBuildFile; fileRef = FD86B6DF1CCCBB73005CE891 /* TDDatePickerViewController.m */; };
		FD86B6E31CCD22CF005CE891 /* TDImageViewController.m in Sources */ = {isa = PBXBuildFile; fileRef = FD86B6E21CCD22CF005CE891 /* TDImageViewController.m */; };
		FD86B6E61CCD2BD9005CE891 /* TDPageControlViewController.m in Sources */ = {isa = PBXBuildFile; fileRef = FD86B6E51CCD2BD9005CE891 /* TDPageControlViewController.m */; };
		FD86B6E91CCE4E93005CE891 /* TDPickerViewController.m in Sources */ = {isa = PBXBuildFile; fileRef = FD86B6E81CCE4E93005CE891 /* TDPickerViewController.m */; };
		FD86B6EC1CCF34ED005CE891 /* TDProgressViewController.m in Sources */ = {isa = PBXBuildFile; fileRef = FD86B6EB1CCF34ED005CE891 /* TDProgressViewController.m */; };
		FD86B6EF1CCF8AA4005CE891 /* TDSegmentedControllsViewController.m in Sources */ = {isa = PBXBuildFile; fileRef = FD86B6EE1CCF8AA4005CE891 /* TDSegmentedControllsViewController.m */; };
		FD86B6F21CD101E3005CE891 /* TDSlidersViewController.m in Sources */ = {isa = PBXBuildFile; fileRef = FD86B6F11CD101E3005CE891 /* TDSlidersViewController.m */; };
		FDA5CBC21CD4B07C00E19793 /* TDTextFieldsViewController.m in Sources */ = {isa = PBXBuildFile; fileRef = FDA5CBC11CD4B07C00E19793 /* TDTextFieldsViewController.m */; };
		FDA5CBC51CD5DBC600E19793 /* TDTextViewController.m in Sources */ = {isa = PBXBuildFile; fileRef = FDA5CBC41CD5DBC600E19793 /* TDTextViewController.m */; };
/* End PBXBuildFile section */

/* Begin PBXFileReference section */
		FD3791B71CC3CE28009B066C /* TDUICatalog.app */ = {isa = PBXFileReference; explicitFileType = wrapper.application; includeInIndex = 0; path = TDUICatalog.app; sourceTree = BUILT_PRODUCTS_DIR; };
		FD3791BB1CC3CE29009B066C /* main.m */ = {isa = PBXFileReference; lastKnownFileType = sourcecode.c.objc; path = main.m; sourceTree = "<group>"; };
		FD3791BD1CC3CE29009B066C /* AppDelegate.h */ = {isa = PBXFileReference; lastKnownFileType = sourcecode.c.h; path = AppDelegate.h; sourceTree = "<group>"; };
		FD3791BE1CC3CE29009B066C /* AppDelegate.m */ = {isa = PBXFileReference; lastKnownFileType = sourcecode.c.objc; path = AppDelegate.m; sourceTree = "<group>"; };
		FD3791C41CC3CE29009B066C /* Base */ = {isa = PBXFileReference; lastKnownFileType = file.storyboard; name = Base; path = Base.lproj/Main.storyboard; sourceTree = "<group>"; };
		FD3791C91CC3CE29009B066C /* Base */ = {isa = PBXFileReference; lastKnownFileType = file.storyboard; name = Base; path = Base.lproj/LaunchScreen.storyboard; sourceTree = "<group>"; };
		FD3791CB1CC3CE29009B066C /* Info.plist */ = {isa = PBXFileReference; lastKnownFileType = text.plist.xml; path = Info.plist; sourceTree = "<group>"; };
		FD3791D11CC3D7E4009B066C /* TDActivityIndicatorsViewController.h */ = {isa = PBXFileReference; fileEncoding = 4; lastKnownFileType = sourcecode.c.h; path = TDActivityIndicatorsViewController.h; sourceTree = "<group>"; };
		FD3791D21CC3D7E4009B066C /* TDActivityIndicatorsViewController.m */ = {isa = PBXFileReference; fileEncoding = 4; lastKnownFileType = sourcecode.c.objc; path = TDActivityIndicatorsViewController.m; sourceTree = "<group>"; };
		FD3791DC1CC3E3C4009B066C /* UIColor+TDApplicationSpecific.h */ = {isa = PBXFileReference; fileEncoding = 4; lastKnownFileType = sourcecode.c.h; path = "UIColor+TDApplicationSpecific.h"; sourceTree = "<group>"; };
		FD3791DD1CC3E3C4009B066C /* UIColor+TDApplicationSpecific.m */ = {isa = PBXFileReference; fileEncoding = 4; lastKnownFileType = sourcecode.c.objc; path = "UIColor+TDApplicationSpecific.m"; sourceTree = "<group>"; };
		FD3791DF1CC3E80C009B066C /* UIKitCatalog-Prefix.pch */ = {isa = PBXFileReference; lastKnownFileType = sourcecode.c.h; path = "UIKitCatalog-Prefix.pch"; sourceTree = "<group>"; };
		FD3791E31CC4B139009B066C /* TDAlertControllersViewController.h */ = {isa = PBXFileReference; fileEncoding = 4; lastKnownFileType = sourcecode.c.h; path = TDAlertControllersViewController.h; sourceTree = "<group>"; };
		FD3791E41CC4B139009B066C /* TDAlertControllersViewController.m */ = {isa = PBXFileReference; fileEncoding = 4; lastKnownFileType = sourcecode.c.objc; path = TDAlertControllersViewController.m; sourceTree = "<group>"; };
		FD4E421A1CD109F700BF27CD /* TDSteppersViewController.h */ = {isa = PBXFileReference; fileEncoding = 4; lastKnownFileType = sourcecode.c.h; path = TDSteppersViewController.h; sourceTree = "<group>"; };
		FD4E421B1CD109F700BF27CD /* TDSteppersViewController.m */ = {isa = PBXFileReference; fileEncoding = 4; lastKnownFileType = sourcecode.c.objc; path = TDSteppersViewController.m; sourceTree = "<group>"; };
		FD4E421D1CD1212D00BF27CD /* TDSwitchesViewController.h */ = {isa = PBXFileReference; fileEncoding = 4; lastKnownFileType = sourcecode.c.h; path = TDSwitchesViewController.h; sourceTree = "<group>"; };
		FD4E421E1CD1212D00BF27CD /* TDSwitchesViewController.m */ = {isa = PBXFileReference; fileEncoding = 4; lastKnownFileType = sourcecode.c.objc; path = TDSwitchesViewController.m; sourceTree = "<group>"; };
		FD86B6D41CCCA1B5005CE891 /* TDButtonsViewController.h */ = {isa = PBXFileReference; fileEncoding = 4; lastKnownFileType = sourcecode.c.h; path = TDButtonsViewController.h; sourceTree = "<group>"; };
		FD86B6D51CCCA1B5005CE891 /* TDButtonsViewController.m */ = {isa = PBXFileReference; fileEncoding = 4; lastKnownFileType = sourcecode.c.objc; path = TDButtonsViewController.m; sourceTree = "<group>"; };
		FD86B6D91CCCAAEA005CE891 /* Assets.xcassets */ = {isa = PBXFileReference; lastKnownFileType = folder.assetcatalog; path = Assets.xcassets; sourceTree = "<group>"; };
		FD86B6DE1CCCBB73005CE891 /* TDDatePickerViewController.h */ = {isa = PBXFileReference; fileEncoding = 4; lastKnownFileType = sourcecode.c.h; path = TDDatePickerViewController.h; sourceTree = "<group>"; };
		FD86B6DF1CCCBB73005CE891 /* TDDatePickerViewController.m */ = {isa = PBXFileReference; fileEncoding = 4; lastKnownFileType = sourcecode.c.objc; path = TDDatePickerViewController.m; sourceTree = "<group>"; };
		FD86B6E11CCD22CF005CE891 /* TDImageViewController.h */ = {isa = PBXFileReference; fileEncoding = 4; lastKnownFileType = sourcecode.c.h; path = TDImageViewController.h; sourceTree = "<group>"; };
		FD86B6E21CCD22CF005CE891 /* TDImageViewController.m */ = {isa = PBXFileReference; fileEncoding = 4; lastKnownFileType = sourcecode.c.objc; path = TDImageViewController.m; sourceTree = "<group>"; };
		FD86B6E41CCD2BD9005CE891 /* TDPageControlViewController.h */ = {isa = PBXFileReference; fileEncoding = 4; lastKnownFileType = sourcecode.c.h; path = TDPageControlViewController.h; sourceTree = "<group>"; };
		FD86B6E51CCD2BD9005CE891 /* TDPageControlViewController.m */ = {isa = PBXFileReference; fileEncoding = 4; lastKnownFileType = sourcecode.c.objc; path = TDPageControlViewController.m; sourceTree = "<group>"; };
		FD86B6E71CCE4E93005CE891 /* TDPickerViewController.h */ = {isa = PBXFileReference; fileEncoding = 4; lastKnownFileType = sourcecode.c.h; path = TDPickerViewController.h; sourceTree = "<group>"; };
		FD86B6E81CCE4E93005CE891 /* TDPickerViewController.m */ = {isa = PBXFileReference; fileEncoding = 4; lastKnownFileType = sourcecode.c.objc; path = TDPickerViewController.m; sourceTree = "<group>"; };
		FD86B6EA1CCF34ED005CE891 /* TDProgressViewController.h */ = {isa = PBXFileReference; fileEncoding = 4; lastKnownFileType = sourcecode.c.h; path = TDProgressViewController.h; sourceTree = "<group>"; };
		FD86B6EB1CCF34ED005CE891 /* TDProgressViewController.m */ = {isa = PBXFileReference; fileEncoding = 4; lastKnownFileType = sourcecode.c.objc; path = TDProgressViewController.m; sourceTree = "<group>"; };
		FD86B6ED1CCF8AA4005CE891 /* TDSegmentedControllsViewController.h */ = {isa = PBXFileReference; fileEncoding = 4; lastKnownFileType = sourcecode.c.h; path = TDSegmentedControllsViewController.h; sourceTree = "<group>"; };
		FD86B6EE1CCF8AA4005CE891 /* TDSegmentedControllsViewController.m */ = {isa = PBXFileReference; fileEncoding = 4; lastKnownFileType = sourcecode.c.objc; path = TDSegmentedControllsViewController.m; sourceTree = "<group>"; };
		FD86B6F01CD101E3005CE891 /* TDSlidersViewController.h */ = {isa = PBXFileReference; fileEncoding = 4; lastKnownFileType = sourcecode.c.h; path = TDSlidersViewController.h; sourceTree = "<group>"; };
		FD86B6F11CD101E3005CE891 /* TDSlidersViewController.m */ = {isa = PBXFileReference; fileEncoding = 4; lastKnownFileType = sourcecode.c.objc; path = TDSlidersViewController.m; sourceTree = "<group>"; };
		FDA5CBC01CD4B07C00E19793 /* TDTextFieldsViewController.h */ = {isa = PBXFileReference; fileEncoding = 4; lastKnownFileType = sourcecode.c.h; path = TDTextFieldsViewController.h; sourceTree = "<group>"; };
		FDA5CBC11CD4B07C00E19793 /* TDTextFieldsViewController.m */ = {isa = PBXFileReference; fileEncoding = 4; lastKnownFileType = sourcecode.c.objc; path = TDTextFieldsViewController.m; sourceTree = "<group>"; };
		FDA5CBC31CD5DBC600E19793 /* TDTextViewController.h */ = {isa = PBXFileReference; fileEncoding = 4; lastKnownFileType = sourcecode.c.h; path = TDTextViewController.h; sourceTree = "<group>"; };
		FDA5CBC41CD5DBC600E19793 /* TDTextViewController.m */ = {isa = PBXFileReference; fileEncoding = 4; lastKnownFileType = sourcecode.c.objc; path = TDTextViewController.m; sourceTree = "<group>"; };
/* End PBXFileReference section */

/* Begin PBXFrameworksBuildPhase section */
		FD3791B41CC3CE28009B066C /* Frameworks */ = {
			isa = PBXFrameworksBuildPhase;
			buildActionMask = 2147483647;
			files = (
			);
			runOnlyForDeploymentPostprocessing = 0;
		};
/* End PBXFrameworksBuildPhase section */

/* Begin PBXGroup section */
		FD3791AE1CC3CE28009B066C = {
			isa = PBXGroup;
			children = (
				FD3791B91CC3CE29009B066C /* TDUICatalog */,
				FD3791B81CC3CE28009B066C /* Products */,
			);
			sourceTree = "<group>";
		};
		FD3791B81CC3CE28009B066C /* Products */ = {
			isa = PBXGroup;
			children = (
				FD3791B71CC3CE28009B066C /* TDUICatalog.app */,
			);
			name = Products;
			sourceTree = "<group>";
		};
		FD3791B91CC3CE29009B066C /* TDUICatalog */ = {
			isa = PBXGroup;
			children = (
				FD3791D41CC3D7F3009B066C /* VIewController */,
				FD86B6D91CCCAAEA005CE891 /* Assets.xcassets */,
				FD3791D51CC3DC9A009B066C /* Application */,
				FD3791C31CC3CE29009B066C /* Main.storyboard */,
				FD3791BA1CC3CE29009B066C /* Supporting Files */,
			);
			path = TDUICatalog;
			sourceTree = "<group>";
		};
		FD3791BA1CC3CE29009B066C /* Supporting Files */ = {
			isa = PBXGroup;
			children = (
				FD3791CB1CC3CE29009B066C /* Info.plist */,
				FD3791DF1CC3E80C009B066C /* UIKitCatalog-Prefix.pch */,
			);
			name = "Supporting Files";
			sourceTree = "<group>";
		};
		FD3791D41CC3D7F3009B066C /* VIewController */ = {
			isa = PBXGroup;
			children = (
				FD3791D11CC3D7E4009B066C /* TDActivityIndicatorsViewController.h */,
				FD3791D21CC3D7E4009B066C /* TDActivityIndicatorsViewController.m */,
				FD3791E31CC4B139009B066C /* TDAlertControllersViewController.h */,
				FD3791E41CC4B139009B066C /* TDAlertControllersViewController.m */,
				FD86B6D41CCCA1B5005CE891 /* TDButtonsViewController.h */,
				FD86B6D51CCCA1B5005CE891 /* TDButtonsViewController.m */,
				FD86B6DE1CCCBB73005CE891 /* TDDatePickerViewController.h */,
				FD86B6DF1CCCBB73005CE891 /* TDDatePickerViewController.m */,
				FD86B6E11CCD22CF005CE891 /* TDImageViewController.h */,
				FD86B6E21CCD22CF005CE891 /* TDImageViewController.m */,
				FD86B6E41CCD2BD9005CE891 /* TDPageControlViewController.h */,
				FD86B6E51CCD2BD9005CE891 /* TDPageControlViewController.m */,
				FD86B6E71CCE4E93005CE891 /* TDPickerViewController.h */,
				FD86B6E81CCE4E93005CE891 /* TDPickerViewController.m */,
				FD86B6EA1CCF34ED005CE891 /* TDProgressViewController.h */,
				FD86B6EB1CCF34ED005CE891 /* TDProgressViewController.m */,
				FD86B6ED1CCF8AA4005CE891 /* TDSegmentedControllsViewController.h */,
				FD86B6EE1CCF8AA4005CE891 /* TDSegmentedControllsViewController.m */,
				FD86B6F01CD101E3005CE891 /* TDSlidersViewController.h */,
				FD86B6F11CD101E3005CE891 /* TDSlidersViewController.m */,
				FD4E421A1CD109F700BF27CD /* TDSteppersViewController.h */,
				FD4E421B1CD109F700BF27CD /* TDSteppersViewController.m */,
				FD4E421D1CD1212D00BF27CD /* TDSwitchesViewController.h */,
				FD4E421E1CD1212D00BF27CD /* TDSwitchesViewController.m */,
				FDA5CBC01CD4B07C00E19793 /* TDTextFieldsViewController.h */,
				FDA5CBC11CD4B07C00E19793 /* TDTextFieldsViewController.m */,
				FDA5CBC31CD5DBC600E19793 /* TDTextViewController.h */,
				FDA5CBC41CD5DBC600E19793 /* TDTextViewController.m */,
			);
			name = VIewController;
			sourceTree = "<group>";
		};
		FD3791D51CC3DC9A009B066C /* Application */ = {
			isa = PBXGroup;
			children = (
				FD3791BD1CC3CE29009B066C /* AppDelegate.h */,
				FD3791BE1CC3CE29009B066C /* AppDelegate.m */,
				FD3791BB1CC3CE29009B066C /* main.m */,
				FD3791C81CC3CE29009B066C /* LaunchScreen.storyboard */,
				FD3791DC1CC3E3C4009B066C /* UIColor+TDApplicationSpecific.h */,
				FD3791DD1CC3E3C4009B066C /* UIColor+TDApplicationSpecific.m */,
			);
			name = Application;
			sourceTree = "<group>";
		};
/* End PBXGroup section */

/* Begin PBXNativeTarget section */
		FD3791B61CC3CE28009B066C /* TDUICatalog */ = {
			isa = PBXNativeTarget;
			buildConfigurationList = FD3791CE1CC3CE29009B066C /* Build configuration list for PBXNativeTarget "TDUICatalog" */;
			buildPhases = (
				FD3791B31CC3CE28009B066C /* Sources */,
				FD3791B41CC3CE28009B066C /* Frameworks */,
				FD3791B51CC3CE28009B066C /* Resources */,
			);
			buildRules = (
			);
			dependencies = (
			);
			name = TDUICatalog;
			productName = TDUICatalog;
			productReference = FD3791B71CC3CE28009B066C /* TDUICatalog.app */;
			productType = "com.apple.product-type.application";
		};
/* End PBXNativeTarget section */

/* Begin PBXProject section */
		FD3791AF1CC3CE28009B066C /* Project object */ = {
			isa = PBXProject;
			attributes = {
				LastUpgradeCheck = 0720;
				ORGANIZATIONNAME = thanksdanny;
				TargetAttributes = {
					FD3791B61CC3CE28009B066C = {
						CreatedOnToolsVersion = 7.2.1;
					};
				};
			};
			buildConfigurationList = FD3791B21CC3CE28009B066C /* Build configuration list for PBXProject "TDUICatalog" */;
			compatibilityVersion = "Xcode 3.2";
			developmentRegion = English;
			hasScannedForEncodings = 0;
			knownRegions = (
				en,
				Base,
			);
			mainGroup = FD3791AE1CC3CE28009B066C;
			productRefGroup = FD3791B81CC3CE28009B066C /* Products */;
			projectDirPath = "";
			projectRoot = "";
			targets = (
				FD3791B61CC3CE28009B066C /* TDUICatalog */,
			);
		};
/* End PBXProject section */

/* Begin PBXResourcesBuildPhase section */
		FD3791B51CC3CE28009B066C /* Resources */ = {
			isa = PBXResourcesBuildPhase;
			buildActionMask = 2147483647;
			files = (
				FD3791CA1CC3CE29009B066C /* LaunchScreen.storyboard in Resources */,
				FD86B6DA1CCCAAEA005CE891 /* Assets.xcassets in Resources */,
				FD3791C51CC3CE29009B066C /* Main.storyboard in Resources */,
			);
			runOnlyForDeploymentPostprocessing = 0;
		};
/* End PBXResourcesBuildPhase section */

/* Begin PBXSourcesBuildPhase section */
		FD3791B31CC3CE28009B066C /* Sources */ = {
			isa = PBXSourcesBuildPhase;
			buildActionMask = 2147483647;
			files = (
				FD4E421F1CD1212D00BF27CD /* TDSwitchesViewController.m in Sources */,
				FD86B6EC1CCF34ED005CE891 /* TDProgressViewController.m in Sources */,
				FDA5CBC51CD5DBC600E19793 /* TDTextViewController.m in Sources */,
				FD86B6E91CCE4E93005CE891 /* TDPickerViewController.m in Sources */,
				FD3791DE1CC3E3C4009B066C /* UIColor+TDApplicationSpecific.m in Sources */,
				FD3791E51CC4B139009B066C /* TDAlertControllersViewController.m in Sources */,
				FD86B6D71CCCA1B5005CE891 /* TDButtonsViewController.m in Sources */,
				FD3791BF1CC3CE29009B066C /* AppDelegate.m in Sources */,
				FD86B6EF1CCF8AA4005CE891 /* TDSegmentedControllsViewController.m in Sources */,
				FD86B6E31CCD22CF005CE891 /* TDImageViewController.m in Sources */,
				FD86B6E61CCD2BD9005CE891 /* TDPageControlViewController.m in Sources */,
				FDA5CBC21CD4B07C00E19793 /* TDTextFieldsViewController.m in Sources */,
				FD86B6E01CCCBB73005CE891 /* TDDatePickerViewController.m in Sources */,
				FD86B6F21CD101E3005CE891 /* TDSlidersViewController.m in Sources */,
				FD3791BC1CC3CE29009B066C /* main.m in Sources */,
				FD4E421C1CD109F700BF27CD /* TDSteppersViewController.m in Sources */,
				FD3791D31CC3D7E4009B066C /* TDActivityIndicatorsViewController.m in Sources */,
			);
			runOnlyForDeploymentPostprocessing = 0;
		};
/* End PBXSourcesBuildPhase section */

/* Begin PBXVariantGroup section */
		FD3791C31CC3CE29009B066C /* Main.storyboard */ = {
			isa = PBXVariantGroup;
			children = (
				FD3791C41CC3CE29009B066C /* Base */,
			);
			name = Main.storyboard;
			sourceTree = "<group>";
		};
		FD3791C81CC3CE29009B066C /* LaunchScreen.storyboard */ = {
			isa = PBXVariantGroup;
			children = (
				FD3791C91CC3CE29009B066C /* Base */,
			);
			name = LaunchScreen.storyboard;
			sourceTree = "<group>";
		};
/* End PBXVariantGroup section */

/* Begin XCBuildConfiguration section */
		FD3791CC1CC3CE29009B066C /* Debug */ = {
			isa = XCBuildConfiguration;
			buildSettings = {
				ALWAYS_SEARCH_USER_PATHS = NO;
				CLANG_CXX_LANGUAGE_STANDARD = "gnu++0x";
				CLANG_CXX_LIBRARY = "libc++";
				CLANG_ENABLE_MODULES = YES;
				CLANG_ENABLE_OBJC_ARC = YES;
				CLANG_WARN_BOOL_CONVERSION = YES;
				CLANG_WARN_CONSTANT_CONVERSION = YES;
				CLANG_WARN_DIRECT_OBJC_ISA_USAGE = YES_ERROR;
				CLANG_WARN_EMPTY_BODY = YES;
				CLANG_WARN_ENUM_CONVERSION = YES;
				CLANG_WARN_INT_CONVERSION = YES;
				CLANG_WARN_OBJC_ROOT_CLASS = YES_ERROR;
				CLANG_WARN_UNREACHABLE_CODE = YES;
				CLANG_WARN__DUPLICATE_METHOD_MATCH = YES;
				"CODE_SIGN_IDENTITY[sdk=iphoneos*]" = "iPhone Developer";
				COPY_PHASE_STRIP = NO;
				DEBUG_INFORMATION_FORMAT = dwarf;
				ENABLE_STRICT_OBJC_MSGSEND = YES;
				ENABLE_TESTABILITY = YES;
				GCC_C_LANGUAGE_STANDARD = gnu99;
				GCC_DYNAMIC_NO_PIC = NO;
				GCC_NO_COMMON_BLOCKS = YES;
				GCC_OPTIMIZATION_LEVEL = 0;
				GCC_PREPROCESSOR_DEFINITIONS = (
					"DEBUG=1",
					"$(inherited)",
				);
				GCC_WARN_64_TO_32_BIT_CONVERSION = YES;
				GCC_WARN_ABOUT_RETURN_TYPE = YES_ERROR;
				GCC_WARN_UNDECLARED_SELECTOR = YES;
				GCC_WARN_UNINITIALIZED_AUTOS = YES_AGGRESSIVE;
				GCC_WARN_UNUSED_FUNCTION = YES;
				GCC_WARN_UNUSED_VARIABLE = YES;
				IPHONEOS_DEPLOYMENT_TARGET = 9.2;
				MTL_ENABLE_DEBUG_INFO = YES;
				ONLY_ACTIVE_ARCH = YES;
				SDKROOT = iphoneos;
			};
			name = Debug;
		};
		FD3791CD1CC3CE29009B066C /* Release */ = {
			isa = XCBuildConfiguration;
			buildSettings = {
				ALWAYS_SEARCH_USER_PATHS = NO;
				CLANG_CXX_LANGUAGE_STANDARD = "gnu++0x";
				CLANG_CXX_LIBRARY = "libc++";
				CLANG_ENABLE_MODULES = YES;
				CLANG_ENABLE_OBJC_ARC = YES;
				CLANG_WARN_BOOL_CONVERSION = YES;
				CLANG_WARN_CONSTANT_CONVERSION = YES;
				CLANG_WARN_DIRECT_OBJC_ISA_USAGE = YES_ERROR;
				CLANG_WARN_EMPTY_BODY = YES;
				CLANG_WARN_ENUM_CONVERSION = YES;
				CLANG_WARN_INT_CONVERSION = YES;
				CLANG_WARN_OBJC_ROOT_CLASS = YES_ERROR;
				CLANG_WARN_UNREACHABLE_CODE = YES;
				CLANG_WARN__DUPLICATE_METHOD_MATCH = YES;
				"CODE_SIGN_IDENTITY[sdk=iphoneos*]" = "iPhone Developer";
				COPY_PHASE_STRIP = NO;
				DEBUG_INFORMATION_FORMAT = "dwarf-with-dsym";
				ENABLE_NS_ASSERTIONS = NO;
				ENABLE_STRICT_OBJC_MSGSEND = YES;
				GCC_C_LANGUAGE_STANDARD = gnu99;
				GCC_NO_COMMON_BLOCKS = YES;
				GCC_WARN_64_TO_32_BIT_CONVERSION = YES;
				GCC_WARN_ABOUT_RETURN_TYPE = YES_ERROR;
				GCC_WARN_UNDECLARED_SELECTOR = YES;
				GCC_WARN_UNINITIALIZED_AUTOS = YES_AGGRESSIVE;
				GCC_WARN_UNUSED_FUNCTION = YES;
				GCC_WARN_UNUSED_VARIABLE = YES;
				IPHONEOS_DEPLOYMENT_TARGET = 9.2;
				MTL_ENABLE_DEBUG_INFO = NO;
				SDKROOT = iphoneos;
				VALIDATE_PRODUCT = YES;
			};
			name = Release;
		};
		FD3791CF1CC3CE29009B066C /* Debug */ = {
			isa = XCBuildConfiguration;
			buildSettings = {
				ASSETCATALOG_COMPILER_APPICON_NAME = AppIcon;
				GCC_PRECOMPILE_PREFIX_HEADER = YES;
				INFOPLIST_FILE = TDUICatalog/Info.plist;
				LD_RUNPATH_SEARCH_PATHS = "$(inherited) @executable_path/Frameworks";
				PRODUCT_BUNDLE_IDENTIFIER = com.thanksdanny.TDUICatalog;
				PRODUCT_NAME = "$(TARGET_NAME)";
			};
			name = Debug;
		};
		FD3791D01CC3CE29009B066C /* Release */ = {
			isa = XCBuildConfiguration;
			buildSettings = {
				ASSETCATALOG_COMPILER_APPICON_NAME = AppIcon;
				GCC_PRECOMPILE_PREFIX_HEADER = YES;
				INFOPLIST_FILE = TDUICatalog/Info.plist;
				LD_RUNPATH_SEARCH_PATHS = "$(inherited) @executable_path/Frameworks";
				PRODUCT_BUNDLE_IDENTIFIER = com.thanksdanny.TDUICatalog;
				PRODUCT_NAME = "$(TARGET_NAME)";
			};
			name = Release;
		};
/* End XCBuildConfiguration section */

/* Begin XCConfigurationList section */
		FD3791B21CC3CE28009B066C /* Build configuration list for PBXProject "TDUICatalog" */ = {
			isa = XCConfigurationList;
			buildConfigurations = (
				FD3791CC1CC3CE29009B066C /* Debug */,
				FD3791CD1CC3CE29009B066C /* Release */,
			);
			defaultConfigurationIsVisible = 0;
			defaultConfigurationName = Release;
		};
		FD3791CE1CC3CE29009B066C /* Build configuration list for PBXNativeTarget "TDUICatalog" */ = {
			isa = XCConfigurationList;
			buildConfigurations = (
				FD3791CF1CC3CE29009B066C /* Debug */,
				FD3791D01CC3CE29009B066C /* Release */,
			);
			defaultConfigurationIsVisible = 0;
			defaultConfigurationName = Release;
		};
/* End XCConfigurationList section */
	};
	rootObject = FD3791AF1CC3CE28009B066C /* Project object */;
}
